# This file is intentionally minimal - go mod download will populate it
github.com/Shopify/sarama v1.38.1 h1:0JMJsr/TghwVo5KnGRe4j7z3LJIbJdU/8+5n7FfN+Ck=
github.com/Shopify/sarama v1.38.1/go.mod h1:iwv9a67Ha8VNa+TifujYoWGxWnu2kNVAQdSdZ4X2o5g=
github.com/lib/pq v1.10.9 h1:YXG7RB+JIjhP29X+OtkiDnYaXQwpS4JEWq7dtCCRUEw=
github.com/lib/pq v1.10.9/go.mod h1:AlVN5x4E4T544tWzH6hKfbfQvm3HdbOxrmggDNAPY9o=
github.com/prometheus/client_golang v1.18.0 h1:HzFfmkOzH5Q8L8G+kSJKUx5dtG87sewO+FoDDqP5Tbk=
github.com/prometheus/client_golang v1.18.0/go.mod h1:T+GXkCk5wSJyOqMIzVgvvjFDlkOQntgjkJWKrN5txjA=
